
Microsoft Visual Studio Solution File, Format Version 12.00
# Visual Studio Version 17
VisualStudioVersion = 17.10.35013.160
MinimumVisualStudioVersion = 10.0.40219.1
Project("{FAE04EC0-301F-11D3-BF4B-00C04F79EFBC}") = "Assign 2", "Assign 2\Assign 2.csproj", "{2A18D0AB-E988-4E50-9C02-AB5DC3D5CDCE}"
EndProject
Global
	GlobalSection(SolutionConfigurationPlatforms) = preSolution
		Debug|Any CPU = Debug|Any CPU
		Release|Any CPU = Release|Any CPU
	EndGlobalSection
	GlobalSection(ProjectConfigurationPlatforms) = postSolution
		{2A18D0AB-E988-4E50-9C02-AB5DC3D5CDCE}.Debug|Any CPU.ActiveCfg = Debug|Any CPU
		{2A18D0AB-E988-4E50-9C02-AB5DC3D5CDCE}.Debug|Any CPU.Build.0 = Debug|Any CPU
		{2A18D0AB-E988-4E50-9C02-AB5DC3D5CDCE}.Release|Any CPU.ActiveCfg = Release|Any CPU
		{2A18D0AB-E988-4E50-9C02-AB5DC3D5CDCE}.Release|Any CPU.Build.0 = Release|Any CPU
	EndGlobalSection
	GlobalSection(SolutionProperties) = preSolution
		HideSolutionNode = FALSE
	EndGlobalSection
	GlobalSection(ExtensibilityGlobals) = postSolution
		SolutionGuid = {403FC102-0EE1-470C-92E0-A894C59F8A91}
	EndGlobalSection
EndGlobal
