
Microsoft Visual Studio Solution File, Format Version 12.00
# Visual Studio Version 17
VisualStudioVersion = 17.10.35013.160
MinimumVisualStudioVersion = 10.0.40219.1
Project("{FAE04EC0-301F-11D3-BF4B-00C04F79EFBC}") = "assign_", "assign_\assign_.csproj", "{B5604EE1-65C3-4C42-B84C-49A2C2353C77}"
EndProject
Global
	GlobalSection(SolutionConfigurationPlatforms) = preSolution
		Debug|Any CPU = Debug|Any CPU
		Release|Any CPU = Release|Any CPU
	EndGlobalSection
	GlobalSection(ProjectConfigurationPlatforms) = postSolution
		{B5604EE1-65C3-4C42-B84C-49A2C2353C77}.Debug|Any CPU.ActiveCfg = Debug|Any CPU
		{B5604EE1-65C3-4C42-B84C-49A2C2353C77}.Debug|Any CPU.Build.0 = Debug|Any CPU
		{B5604EE1-65C3-4C42-B84C-49A2C2353C77}.Release|Any CPU.ActiveCfg = Release|Any CPU
		{B5604EE1-65C3-4C42-B84C-49A2C2353C77}.Release|Any CPU.Build.0 = Release|Any CPU
	EndGlobalSection
	GlobalSection(SolutionProperties) = preSolution
		HideSolutionNode = FALSE
	EndGlobalSection
	GlobalSection(ExtensibilityGlobals) = postSolution
		SolutionGuid = {B83E7514-988A-49C3-8C1F-F9B4CCCC7C6A}
	EndGlobalSection
EndGlobal
